hash: b9f63ffb7ea5bd0bc871244940c5947a69d73e3be920031c5e20679ff95f9785
updated: 2018-01-12T20:29:03.172130488-05:00
imports:
- name: cloud.google.com/go
  version: 3b1ae45394a234c385be014e9a488f2bb6eef821
  subpackages:
  - compute/metadata
  - internal
- name: github.com/aws/aws-sdk-go
  version: 760741802ad40f49ae9fc4a69ef6706d2527d62e
  subpackages:
  - aws
  - aws/awserr
  - aws/awsutil
  - aws/client
  - aws/client/metadata
  - aws/corehandlers
  - aws/credentials
  - aws/credentials/ec2rolecreds
  - aws/credentials/endpointcreds
  - aws/credentials/stscreds
  - aws/defaults
  - aws/ec2metadata
  - aws/endpoints
  - aws/request
  - aws/session
  - aws/signer/v4
  - internal/shareddefaults
  - private/protocol
  - private/protocol/ec2query
  - private/protocol/json/jsonutil
  - private/protocol/jsonrpc
  - private/protocol/query
  - private/protocol/query/queryutil
  - private/protocol/rest
  - private/protocol/xml/xmlutil
  - service/autoscaling
  - service/ec2
  - service/ecr
  - service/elb
  - service/elbv2
  - service/kms
  - service/sts
- name: github.com/Azure/azure-sdk-for-go
  version: 934e2462aeb6e0c14186dcfeedd73a026d1b8eeb
  subpackages:
  - arm/compute
  - arm/containerregistry
  - arm/disk
  - arm/network
  - arm/storage
  - storage
- name: github.com/Azure/go-autorest
  version: e14a70c556c8e0db173358d1a903dca345a8e75e
  subpackages:
  - autorest
  - autorest/adal
  - autorest/azure
  - autorest/date
  - autorest/to
  - autorest/validation
- name: github.com/beorn7/perks
  version: 3ac7bf7a47d159a033b107610db8a1b6575507a4
  subpackages:
  - quantile
- name: github.com/cloudflare/cfssl
  version: db0d0650b6496bfe8061ec56a92edd32d8e75c30
  subpackages:
  - auth
  - certdb
  - config
  - crypto/pkcs7
  - csr
  - errors
  - helpers
  - helpers/derhelpers
  - info
  - log
  - ocsp/config
  - signer
  - signer/local
- name: github.com/d2g/dhcp4
  version: a1d1b6c41b1ce8a71a5121a9cee31809c4707d9c
- name: github.com/d2g/dhcp4client
  version: 6e570ed0a266b730a860ba1068090f683b2c213a
- name: github.com/davecgh/go-spew
  version: 782f4967f2dc4564575ca782fe2d04090b5faca8
  subpackages:
  - spew
- name: github.com/dgrijalva/jwt-go
  version: 01aeca54ebda6e0fbfafd0a524d234159c05ec20
- name: github.com/docker/distribution
  version: edc3ab29cdff8694dd6feb85cfeb4b5f1b38ed9c
  subpackages:
  - digestset
  - reference
- name: github.com/docker/docker
  version: 4f3616fb1c112e206b88cb7a9922bf49067a7756
  subpackages:
  - api
  - api/types
  - api/types/blkiodev
  - api/types/container
  - api/types/events
  - api/types/filters
  - api/types/image
  - api/types/mount
  - api/types/network
  - api/types/registry
  - api/types/strslice
  - api/types/swarm
  - api/types/swarm/runtime
  - api/types/time
  - api/types/versions
  - api/types/volume
  - client
  - pkg/ioutils
  - pkg/jsonlog
  - pkg/jsonmessage
  - pkg/longpath
  - pkg/mount
  - pkg/stdcopy
  - pkg/symlink
  - pkg/system
  - pkg/term
  - pkg/term/windows
  - pkg/tlsconfig
- name: github.com/docker/go-connections
  version: 3ede32e2033de7505e6500d6c868c2b9ed9f169d
  subpackages:
  - nat
  - sockets
  - tlsconfig
- name: github.com/docker/go-units
  version: 9e638d38cf6977a37a8ea0078f3ee75a7cdb2dd1
- name: github.com/ghodss/yaml
  version: 73d445a93680fa1a78ae23a5839bad48f32ba1ee
- name: github.com/go-ini/ini
  version: 300e940a926eb277d3901b20bdfcc54928ad3642
- name: github.com/gogo/protobuf
  version: c0656edd0d9eab7c66d1eb0c568f9039345796f7
  subpackages:
  - proto
  - sortkeys
- name: github.com/golang/glog
  version: 23def4e6c14b4da8ac2ed8007337bc5eb5007998
- name: github.com/golang/groupcache
  version: 02826c3e79038b59d737d3b1c0a1d937f71a4433
  subpackages:
  - lru
- name: github.com/golang/protobuf
  version: 1643683e1b54a9e88ad26d98f81400c8c9d9f4f9
  subpackages:
  - jsonpb
  - proto
  - protoc-gen-go/descriptor
  - ptypes
  - ptypes/any
  - ptypes/duration
  - ptypes/struct
  - ptypes/timestamp
- name: github.com/google/gofuzz
  version: 44d81051d367757e1c7c6a5a86423ece9afcf63c
- name: github.com/googleapis/gnostic
  version: 0c5108395e2debce0d731cf0287ddf7242066aba
  subpackages:
  - OpenAPIv2
  - compiler
  - extensions
- name: github.com/gophercloud/gophercloud
  version: 8e59687aa4b27ab22a0bf3295f1e165ff7bd5f97
  subpackages:
  - openstack
  - openstack/blockstorage/extensions/volumeactions
  - openstack/blockstorage/v1/volumes
  - openstack/blockstorage/v2/volumes
  - openstack/blockstorage/v3/volumes
  - openstack/common/extensions
  - openstack/compute/v2/extensions/attachinterfaces
  - openstack/compute/v2/extensions/volumeattach
  - openstack/compute/v2/flavors
  - openstack/compute/v2/images
  - openstack/compute/v2/servers
  - openstack/identity/v2/tenants
  - openstack/identity/v2/tokens
  - openstack/identity/v3/extensions/trusts
  - openstack/identity/v3/tokens
  - openstack/networking/v2/extensions
  - openstack/networking/v2/extensions/external
  - openstack/networking/v2/extensions/layer3/floatingips
  - openstack/networking/v2/extensions/layer3/routers
  - openstack/networking/v2/extensions/lbaas_v2/listeners
  - openstack/networking/v2/extensions/lbaas_v2/loadbalancers
  - openstack/networking/v2/extensions/lbaas_v2/monitors
  - openstack/networking/v2/extensions/lbaas_v2/pools
  - openstack/networking/v2/extensions/security/groups
  - openstack/networking/v2/extensions/security/rules
  - openstack/networking/v2/networks
  - openstack/networking/v2/ports
  - openstack/utils
  - pagination
- name: github.com/hashicorp/golang-lru
  version: a0d98a5f288019575c6d1f4bb1573fef2d1fcdc4
  subpackages:
  - simplelru
- name: github.com/howeyc/gopass
  version: bf9dde6d0d2c004a008c27aaee91170c786f6db8
- name: github.com/imdario/mergo
  version: 6633656539c1639d9d78127b7d47c622b5d7b6dc
- name: github.com/inconshreveable/mousetrap
  version: 76626ae9c91c4f2a10f34cad8ce83ea42c93bb75
- name: github.com/jmespath/go-jmespath
  version: 0b12d6b521d83fc7f755e7cfc1b1fbdd35a01a74
- name: github.com/json-iterator/go
  version: 13f86432b882000a51c6e610c620974462691a97
- name: github.com/juju/ratelimit
  version: 5b9ff866471762aa2ab2dced63c9fb6f53921342
- name: github.com/kardianos/osext
  version: 8fef92e41e22a70e700a96b29f066cda30ea24ef
- name: github.com/matttproud/golang_protobuf_extensions
  version: fc2b8d3a73c4867e51861bbdd5ae3c1f0869dd6a
  subpackages:
  - pbutil
- name: github.com/mitchellh/mapstructure
  version: 53818660ed4955e899c0bcafa97299a388bd7c8e
- name: github.com/opencontainers/go-digest
  version: a6d0ee40d4207ea02364bd3b9e8e77b9159ba1eb
- name: github.com/opencontainers/image-spec
  version: 372ad780f63454fbbbbcc7cf80e5b90245c13e13
  subpackages:
  - specs-go
  - specs-go/v1
- name: github.com/pborman/uuid
  version: ca53cad383cad2479bbba7f7a1a05797ec1386e4
- name: github.com/pmezard/go-difflib
  version: d8ed2627bdf02c080bf22230dbb337003b7aba2d
  subpackages:
  - difflib
- name: github.com/prometheus/client_golang
  version: e7e903064f5e9eb5da98208bae10b475d4db0f8c
  subpackages:
  - prometheus
- name: github.com/prometheus/client_model
  version: fa8ad6fec33561be4280a8f0514318c79d7f6cb6
  subpackages:
  - go
- name: github.com/prometheus/common
  version: 13ba4ddd0caa9c28ca7b7bffe1dfa9ed8d5ef207
  subpackages:
  - expfmt
  - internal/bitbucket.org/ww/goautoneg
  - model
- name: github.com/prometheus/procfs
  version: 65c1f6f8f0fc1e2185eb9863a3bc751496404259
  subpackages:
  - xfs
- name: github.com/rubiojr/go-vhd
  version: 0bfd3b39853cdde5762efda92289f14b0ac0491b
  subpackages:
  - vhd
- name: github.com/satori/go.uuid
  version: 879c5887cd475cd7864858769793b2ceb0d44feb
- name: github.com/spf13/cobra
  version: f62e98d28ab7ad31d707ba837a966378465c7b57
  subpackages:
  - doc
- name: github.com/spf13/pflag
  version: 4c012f6dcd9546820e378d0bdda4d8fc772cdfea
- name: github.com/stretchr/objx
  version: 1a9d0bb9f541897e62256577b352fdbc1fb4fd94
- name: github.com/stretchr/testify
  version: f6abca593680b2315d2075e0f5e2a9751e3f431a
  subpackages:
  - assert
  - mock
  - require
- name: github.com/vmware/govmomi
  version: b8b228cfbad7f0a69ed90393ca9aee085d3c6ef1
  subpackages:
  - find
  - list
  - object
  - pbm
  - pbm/methods
  - pbm/types
  - property
  - session
  - task
  - vim25
  - vim25/debug
  - vim25/methods
  - vim25/mo
  - vim25/progress
  - vim25/soap
  - vim25/types
  - vim25/xml
- name: github.com/vmware/photon-controller-go-sdk
  version: 4a435daef6ccd3d0edaac1161e76f51a70c2589a
  subpackages:
  - SSPI
  - photon
  - photon/lightwave
- name: github.com/xanzy/go-cloudstack
  version: 1e2cbf647e57fa90353612074fdfc42faf5073bf
  subpackages:
  - cloudstack
- name: golang.org/x/crypto
  version: 81e90905daefcd6fd217b62423c0908922eadb30
  subpackages:
  - bcrypt
  - blowfish
  - nacl/secretbox
  - pkcs12
  - pkcs12/internal/rc2
  - poly1305
  - salsa20/salsa
  - ssh/terminal
- name: golang.org/x/net
  version: 1c05540f6879653db88113bc4a2b70aec4bd491f
  subpackages:
  - context
  - context/ctxhttp
  - html
  - html/atom
  - http2
  - http2/hpack
  - idna
  - internal/timeseries
  - lex/httplex
  - trace
  - websocket
- name: golang.org/x/oauth2
  version: a6bd8cefa1811bd24b86f8902872e4e8225f74c4
  subpackages:
  - google
  - internal
  - jws
  - jwt
- name: golang.org/x/sys
  version: 95c6576299259db960f6c5b9b69ea52422860fce
  subpackages:
  - unix
  - windows
- name: golang.org/x/text
  version: b19bf474d317b857955b12035d2c5acb57ce8b01
  subpackages:
  - cases
  - internal
  - internal/tag
  - language
  - runes
  - secure/bidirule
  - secure/precis
  - transform
  - unicode/bidi
  - unicode/norm
  - width
- name: google.golang.org/api
  version: c0dae069ee96c9261a04c81efd9e0f1e55f565ac
  subpackages:
  - cloudmonitoring/v2beta2
  - compute/v0.alpha
  - compute/v0.beta
  - compute/v1
  - container/v1
  - gensupport
  - googleapi
  - googleapi/internal/uritemplates
  - logging/v2beta1
  - monitoring/v3
  - pubsub/v1
- name: google.golang.org/appengine
  version: 5bee14b453b4c71be47ec1781b0fa61c2ea182db
  subpackages:
  - internal
  - internal/app_identity
  - internal/base
  - internal/datastore
  - internal/log
  - internal/modules
  - internal/remote_api
  - internal/urlfetch
  - urlfetch
- name: gopkg.in/gcfg.v1
  version: 27e4946190b4a327b539185f2b5b1f7c84730728
  subpackages:
  - scanner
  - token
  - types
- name: gopkg.in/inf.v0
  version: 3887ee99ecf07df5b447e9b00d9c0b2adaa9f3e4
- name: gopkg.in/warnings.v0
  version: 8a331561fe74dadba6edfc59f3be66c22c3b065d
- name: gopkg.in/yaml.v2
  version: 53feefa2559fb8dfa8d81baad31be332c97d6c77
- name: k8s.io/api
  version: 17e8c4ddcf485c837950b38d9509bfcadfd0c8e1
  subpackages:
  - admissionregistration/v1alpha1
  - admissionregistration/v1beta1
  - apps/v1
  - apps/v1beta1
  - apps/v1beta2
  - authentication/v1
  - authentication/v1beta1
  - authorization/v1
  - authorization/v1beta1
  - autoscaling/v1
  - autoscaling/v2beta1
  - batch/v1
  - batch/v1beta1
  - batch/v2alpha1
  - certificates/v1beta1
  - core/v1
  - events/v1beta1
  - extensions/v1beta1
  - networking/v1
  - policy/v1beta1
  - rbac/v1
  - rbac/v1alpha1
  - rbac/v1beta1
  - scheduling/v1alpha1
  - settings/v1alpha1
  - storage/v1
  - storage/v1alpha1
  - storage/v1beta1
- name: k8s.io/apiextensions-apiserver
  version: 083ad6f2c72a591ca35dea956de8aa702b847004
  subpackages:
  - pkg/features
- name: k8s.io/apimachinery
  version: c33db96a31b68b53ce6903caf3ba93571acb0e51
  subpackages:
  - pkg/api/equality
  - pkg/api/errors
  - pkg/api/meta
  - pkg/api/resource
  - pkg/api/validation
  - pkg/apimachinery
  - pkg/apimachinery/announced
  - pkg/apimachinery/registered
  - pkg/apis/meta/internalversion
  - pkg/apis/meta/v1
  - pkg/apis/meta/v1/unstructured
  - pkg/apis/meta/v1/validation
  - pkg/apis/meta/v1alpha1
  - pkg/conversion
  - pkg/conversion/queryparams
  - pkg/fields
  - pkg/labels
  - pkg/runtime
  - pkg/runtime/schema
  - pkg/runtime/serializer
  - pkg/runtime/serializer/json
  - pkg/runtime/serializer/protobuf
  - pkg/runtime/serializer/recognizer
  - pkg/runtime/serializer/streaming
  - pkg/runtime/serializer/versioning
  - pkg/selection
  - pkg/types
  - pkg/util/cache
  - pkg/util/clock
  - pkg/util/diff
  - pkg/util/errors
  - pkg/util/framer
  - pkg/util/intstr
  - pkg/util/json
  - pkg/util/mergepatch
  - pkg/util/net
  - pkg/util/rand
  - pkg/util/runtime
  - pkg/util/sets
  - pkg/util/strategicpatch
  - pkg/util/uuid
  - pkg/util/validation
  - pkg/util/validation/field
  - pkg/util/wait
  - pkg/util/yaml
  - pkg/version
  - pkg/watch
  - third_party/forked/golang/json
  - third_party/forked/golang/reflect
- name: k8s.io/apiserver
  version: 36b53400180c5fadaa37f32f36799ca77e98b015
  subpackages:
  - pkg/authentication/authenticator
  - pkg/authentication/serviceaccount
  - pkg/authentication/user
  - pkg/features
  - pkg/server/healthz
  - pkg/util/feature
  - pkg/util/flag
  - pkg/util/logs
- name: k8s.io/client-go
  version: b1fb949a8b508e11971a4f708035f167ffb8a3a7
  subpackages:
  - discovery
  - informers
  - informers/admissionregistration
  - informers/admissionregistration/v1alpha1
  - informers/admissionregistration/v1beta1
  - informers/apps
  - informers/apps/v1
  - informers/apps/v1beta1
  - informers/apps/v1beta2
  - informers/autoscaling
  - informers/autoscaling/v1
  - informers/autoscaling/v2beta1
  - informers/batch
  - informers/batch/v1
  - informers/batch/v1beta1
  - informers/batch/v2alpha1
  - informers/certificates
  - informers/certificates/v1beta1
  - informers/core
  - informers/core/v1
  - informers/events
  - informers/events/v1beta1
  - informers/extensions
  - informers/extensions/v1beta1
  - informers/internalinterfaces
  - informers/networking
  - informers/networking/v1
  - informers/policy
  - informers/policy/v1beta1
  - informers/rbac
  - informers/rbac/v1
  - informers/rbac/v1alpha1
  - informers/rbac/v1beta1
  - informers/scheduling
  - informers/scheduling/v1alpha1
  - informers/settings
  - informers/settings/v1alpha1
  - informers/storage
  - informers/storage/v1
  - informers/storage/v1alpha1
  - informers/storage/v1beta1
  - kubernetes
  - kubernetes/scheme
  - kubernetes/typed/admissionregistration/v1alpha1
  - kubernetes/typed/admissionregistration/v1beta1
  - kubernetes/typed/apps/v1
  - kubernetes/typed/apps/v1beta1
  - kubernetes/typed/apps/v1beta2
  - kubernetes/typed/authentication/v1
  - kubernetes/typed/authentication/v1beta1
  - kubernetes/typed/authorization/v1
  - kubernetes/typed/authorization/v1beta1
  - kubernetes/typed/autoscaling/v1
  - kubernetes/typed/autoscaling/v2beta1
  - kubernetes/typed/batch/v1
  - kubernetes/typed/batch/v1beta1
  - kubernetes/typed/batch/v2alpha1
  - kubernetes/typed/certificates/v1beta1
  - kubernetes/typed/core/v1
  - kubernetes/typed/events/v1beta1
  - kubernetes/typed/extensions/v1beta1
  - kubernetes/typed/networking/v1
  - kubernetes/typed/policy/v1beta1
  - kubernetes/typed/rbac/v1
  - kubernetes/typed/rbac/v1alpha1
  - kubernetes/typed/rbac/v1beta1
  - kubernetes/typed/scheduling/v1alpha1
  - kubernetes/typed/settings/v1alpha1
  - kubernetes/typed/storage/v1
  - kubernetes/typed/storage/v1alpha1
  - kubernetes/typed/storage/v1beta1
  - listers/admissionregistration/v1alpha1
  - listers/admissionregistration/v1beta1
  - listers/apps/v1
  - listers/apps/v1beta1
  - listers/apps/v1beta2
  - listers/autoscaling/v1
  - listers/autoscaling/v2beta1
  - listers/batch/v1
  - listers/batch/v1beta1
  - listers/batch/v2alpha1
  - listers/certificates/v1beta1
  - listers/core/v1
  - listers/events/v1beta1
  - listers/extensions/v1beta1
  - listers/networking/v1
  - listers/policy/v1beta1
  - listers/rbac/v1
  - listers/rbac/v1alpha1
  - listers/rbac/v1beta1
  - listers/scheduling/v1alpha1
  - listers/settings/v1alpha1
  - listers/storage/v1
  - listers/storage/v1alpha1
  - listers/storage/v1beta1
  - pkg/version
  - rest
  - rest/watch
  - tools/auth
  - tools/cache
  - tools/clientcmd
  - tools/clientcmd/api
  - tools/clientcmd/api/latest
  - tools/clientcmd/api/v1
  - tools/leaderelection
  - tools/leaderelection/resourcelock
  - tools/metrics
  - tools/pager
  - tools/record
  - tools/reference
  - transport
  - util/buffer
  - util/cert
  - util/flowcontrol
  - util/homedir
  - util/integer
  - util/retry
  - util/testing
  - util/workqueue
- name: k8s.io/kube-openapi
  version: a07b7bbb58e7fdc5144f8d7046331d29fc9ad3b3
  subpackages:
  - pkg/builder
  - pkg/common
  - pkg/handler
  - pkg/util
  - pkg/util/proto
- name: k8s.io/kubernetes
  version: b5eb9149eebd94824b350ce25dfc12b5d02e29b4
  subpackages:
  - cmd/cloud-controller-manager/app
  - cmd/cloud-controller-manager/app/options
  - cmd/controller-manager/app/options
  - pkg/api/legacyscheme
  - pkg/api/service
  - pkg/api/v1/node
  - pkg/api/v1/pod
  - pkg/api/v1/service
  - pkg/apis/autoscaling
  - pkg/apis/componentconfig
  - pkg/apis/core
  - pkg/apis/core/helper
  - pkg/apis/core/install
  - pkg/apis/core/pods
  - pkg/apis/core/v1
  - pkg/apis/core/v1/helper
  - pkg/apis/core/validation
  - pkg/apis/extensions
  - pkg/apis/networking
  - pkg/apis/scheduling
  - pkg/capabilities
  - pkg/client/leaderelectionconfig
  - pkg/client/metrics/prometheus
  - pkg/cloudprovider
  - pkg/cloudprovider/providers
  - pkg/cloudprovider/providers/aws
  - pkg/cloudprovider/providers/azure
  - pkg/cloudprovider/providers/azure/auth
  - pkg/cloudprovider/providers/cloudstack
  - pkg/cloudprovider/providers/gce
  - pkg/cloudprovider/providers/openstack
  - pkg/cloudprovider/providers/ovirt
  - pkg/cloudprovider/providers/photon
  - pkg/cloudprovider/providers/vsphere
  - pkg/cloudprovider/providers/vsphere/vclib
  - pkg/cloudprovider/providers/vsphere/vclib/diskmanagers
  - pkg/controller
  - pkg/controller/cloud
  - pkg/controller/route
  - pkg/controller/service
  - pkg/credentialprovider
  - pkg/credentialprovider/aws
  - pkg/features
  - pkg/fieldpath
  - pkg/kubelet/apis
  - pkg/kubelet/types
  - pkg/master/ports
  - pkg/scheduler/algorithm
  - pkg/scheduler/algorithm/priorities/util
  - pkg/scheduler/api
  - pkg/scheduler/schedulercache
  - pkg/scheduler/util
  - pkg/security/apparmor
  - pkg/serviceaccount
  - pkg/util/configz
  - pkg/util/file
  - pkg/util/hash
  - pkg/util/io
  - pkg/util/keymutex
  - pkg/util/metrics
  - pkg/util/mount
  - pkg/util/net/sets
  - pkg/util/node
  - pkg/util/nsenter
  - pkg/util/parsers
  - pkg/util/pointer
  - pkg/util/strings
  - pkg/util/taints
  - pkg/util/version
  - pkg/version
  - pkg/version/prometheus
  - pkg/version/verflag
  - pkg/volume
  - pkg/volume/testing
  - pkg/volume/util
  - pkg/volume/util/types
  - pkg/volume/util/volumehelper
- name: k8s.io/utils
  version: aedf551cdb8b0119df3a19c65fde413a13b34997
  subpackages:
  - exec
testImports: []
